
Microsoft Visual Studio Solution File, Format Version 12.00
# Visual Studio Version 16
VisualStudioVersion = 16.0.29728.190
MinimumVisualStudioVersion = 10.0.40219.1
Project("{2150E333-8FDC-42A3-9474-1A3956D46DE8}") = "Application", "Application", "{BBA9A664-A0C0-4993-A150-5591EB84349C}"
EndProject
Project("{2150E333-8FDC-42A3-9474-1A3956D46DE8}") = "Domain", "Domain", "{E58ACBDB-E97A-45AA-9EAB-5996B61D8805}"
EndProject
Project("{2150E333-8FDC-42A3-9474-1A3956D46DE8}") = "Infra.Data", "Infra.Data", "{776514CA-61EF-40EE-A6CE-321277381657}"
EndProject
Project("{2150E333-8FDC-42A3-9474-1A3956D46DE8}") = "Infra.IoC", "Infra.IoC", "{FA89BF60-7020-4949-B014-61A8967D7F9F}"
EndProject
Project("{2150E333-8FDC-42A3-9474-1A3956D46DE8}") = "Presentation", "Presentation", "{E38B5E44-071B-4D6D-B78A-C7F4ADAFCC82}"
EndProject
Project("{9A19103F-16F7-4668-BE54-9A1E7A4F7556}") = "CleanArch", "CleanArch\CleanArch.csproj", "{13ACCAE9-E531-4E5E-9AFE-A9CEEEAEDB3B}"
EndProject
Project("{9A19103F-16F7-4668-BE54-9A1E7A4F7556}") = "CleanArch.Domain", "CleanArch.Domain\CleanArch.Domain.csproj", "{0B356E4D-6334-42FF-895A-FF6C89F965EA}"
EndProject
Project("{9A19103F-16F7-4668-BE54-9A1E7A4F7556}") = "CleanArch.Infra.Data", "CleanArch.Infra.Data\CleanArch.Infra.Data.csproj", "{A887C077-B084-44A8-978D-9364D3BA70E5}"
EndProject
Project("{FAE04EC0-301F-11D3-BF4B-00C04F79EFBC}") = "CleanArch.Application", "CleanArch.Application\CleanArch.Application.csproj", "{A5D53A33-F71A-4F78-B4A1-147F67EB4A60}"
EndProject
Global
	GlobalSection(SolutionConfigurationPlatforms) = preSolution
		Debug|Any CPU = Debug|Any CPU
		Release|Any CPU = Release|Any CPU
	EndGlobalSection
	GlobalSection(ProjectConfigurationPlatforms) = postSolution
		{13ACCAE9-E531-4E5E-9AFE-A9CEEEAEDB3B}.Debug|Any CPU.ActiveCfg = Debug|Any CPU
		{13ACCAE9-E531-4E5E-9AFE-A9CEEEAEDB3B}.Debug|Any CPU.Build.0 = Debug|Any CPU
		{13ACCAE9-E531-4E5E-9AFE-A9CEEEAEDB3B}.Release|Any CPU.ActiveCfg = Release|Any CPU
		{13ACCAE9-E531-4E5E-9AFE-A9CEEEAEDB3B}.Release|Any CPU.Build.0 = Release|Any CPU
		{0B356E4D-6334-42FF-895A-FF6C89F965EA}.Debug|Any CPU.ActiveCfg = Debug|Any CPU
		{0B356E4D-6334-42FF-895A-FF6C89F965EA}.Debug|Any CPU.Build.0 = Debug|Any CPU
		{0B356E4D-6334-42FF-895A-FF6C89F965EA}.Release|Any CPU.ActiveCfg = Release|Any CPU
		{0B356E4D-6334-42FF-895A-FF6C89F965EA}.Release|Any CPU.Build.0 = Release|Any CPU
		{A887C077-B084-44A8-978D-9364D3BA70E5}.Debug|Any CPU.ActiveCfg = Debug|Any CPU
		{A887C077-B084-44A8-978D-9364D3BA70E5}.Debug|Any CPU.Build.0 = Debug|Any CPU
		{A887C077-B084-44A8-978D-9364D3BA70E5}.Release|Any CPU.ActiveCfg = Release|Any CPU
		{A887C077-B084-44A8-978D-9364D3BA70E5}.Release|Any CPU.Build.0 = Release|Any CPU
		{A5D53A33-F71A-4F78-B4A1-147F67EB4A60}.Debug|Any CPU.ActiveCfg = Debug|Any CPU
		{A5D53A33-F71A-4F78-B4A1-147F67EB4A60}.Debug|Any CPU.Build.0 = Debug|Any CPU
		{A5D53A33-F71A-4F78-B4A1-147F67EB4A60}.Release|Any CPU.ActiveCfg = Release|Any CPU
		{A5D53A33-F71A-4F78-B4A1-147F67EB4A60}.Release|Any CPU.Build.0 = Release|Any CPU
	EndGlobalSection
	GlobalSection(SolutionProperties) = preSolution
		HideSolutionNode = FALSE
	EndGlobalSection
	GlobalSection(NestedProjects) = preSolution
		{13ACCAE9-E531-4E5E-9AFE-A9CEEEAEDB3B} = {E38B5E44-071B-4D6D-B78A-C7F4ADAFCC82}
		{0B356E4D-6334-42FF-895A-FF6C89F965EA} = {E58ACBDB-E97A-45AA-9EAB-5996B61D8805}
		{A887C077-B084-44A8-978D-9364D3BA70E5} = {776514CA-61EF-40EE-A6CE-321277381657}
		{A5D53A33-F71A-4F78-B4A1-147F67EB4A60} = {BBA9A664-A0C0-4993-A150-5591EB84349C}
	EndGlobalSection
	GlobalSection(ExtensibilityGlobals) = postSolution
		SolutionGuid = {AA6C5FDA-38EB-4354-8B5B-03C00A761180}
	EndGlobalSection
EndGlobal
